
Microsoft Visual Studio Solution File, Format Version 12.00
# Visual Studio Version 16
VisualStudioVersion = 16.0.30804.86
MinimumVisualStudioVersion = 10.0.40219.1
Project("{FAE04EC0-301F-11D3-BF4B-00C04F79EFBC}") = "ItlaikaProjectAPI", "ItlaikaProjectAPI\ItlaikaProjectAPI.csproj", "{72F8EE25-3116-4A15-84FA-CEDC920592A5}"
EndProject
Global
	GlobalSection(SolutionConfigurationPlatforms) = preSolution
		Debug|Any CPU = Debug|Any CPU
		Release|Any CPU = Release|Any CPU
	EndGlobalSection
	GlobalSection(ProjectConfigurationPlatforms) = postSolution
		{72F8EE25-3116-4A15-84FA-CEDC920592A5}.Debug|Any CPU.ActiveCfg = Debug|Any CPU
		{72F8EE25-3116-4A15-84FA-CEDC920592A5}.Debug|Any CPU.Build.0 = Debug|Any CPU
		{72F8EE25-3116-4A15-84FA-CEDC920592A5}.Release|Any CPU.ActiveCfg = Release|Any CPU
		{72F8EE25-3116-4A15-84FA-CEDC920592A5}.Release|Any CPU.Build.0 = Release|Any CPU
	EndGlobalSection
	GlobalSection(SolutionProperties) = preSolution
		HideSolutionNode = FALSE
	EndGlobalSection
	GlobalSection(ExtensibilityGlobals) = postSolution
		SolutionGuid = {0248A676-3480-4B8B-A267-4B8B288D2126}
	EndGlobalSection
EndGlobal
